
Microsoft Visual Studio Solution File, Format Version 12.00
# Visual Studio Version 16
VisualStudioVersion = 16.0.29728.190
MinimumVisualStudioVersion = 10.0.40219.1
Project("{FAE04EC0-301F-11D3-BF4B-00C04F79EFBC}") = "IsUnique1.1", "CrackingTheCodingInterview\IsUnique1.1.csproj", "{22B4DC1E-E6FF-4FBC-BEDA-AAE9C9051944}"
EndProject
Project("{FAE04EC0-301F-11D3-BF4B-00C04F79EFBC}") = "CheckPermutation1.2", "CheckPermutation2\CheckPermutation1.2.csproj", "{ED30BCAB-253E-4E7A-9B7A-786235F7BFE7}"
EndProject
Project("{2150E333-8FDC-42A3-9474-1A3956D46DE8}") = "ArraysAndStrings", "ArraysAndStrings", "{010784AE-BFC6-4B33-8D26-1723B2363BA3}"
EndProject
Project("{FAE04EC0-301F-11D3-BF4B-00C04F79EFBC}") = "URLify1.3", "URLify1.3\URLify1.3.csproj", "{50521D17-6E78-4178-8A80-9519C8B90644}"
EndProject
Project("{FAE04EC0-301F-11D3-BF4B-00C04F79EFBC}") = "PalindromePermutation1.4", "PalindromePermutation1.4\PalindromePermutation1.4.csproj", "{85F790D6-5395-4EB5-9171-CA1BBF908D9F}"
EndProject
Project("{FAE04EC0-301F-11D3-BF4B-00C04F79EFBC}") = "OneAway1.5", "OneAway1.5\OneAway1.5.csproj", "{B7E3C7CE-0F8B-476D-89DC-B792A2779886}"
EndProject
Project("{FAE04EC0-301F-11D3-BF4B-00C04F79EFBC}") = "StringCompression1.6", "StringCompression1.6\StringCompression1.6.csproj", "{427A201C-B04B-4082-8525-2C7867C7E460}"
EndProject
Project("{FAE04EC0-301F-11D3-BF4B-00C04F79EFBC}") = "RotateMatrix1.7", "RotateMatrix1.7\RotateMatrix1.7.csproj", "{266727EB-199B-4939-B077-F7776DACBB1A}"
EndProject
Project("{FAE04EC0-301F-11D3-BF4B-00C04F79EFBC}") = "ZeroMatrix1.8", "ZeroMatrix1.8\ZeroMatrix1.8.csproj", "{0AF9997E-9419-42DD-BEAD-D6954E20A677}"
EndProject
Project("{FAE04EC0-301F-11D3-BF4B-00C04F79EFBC}") = "StringRotation1.9", "StringRotation1.9\StringRotation1.9.csproj", "{7C742AAA-2456-458B-B106-623F3097F16B}"
EndProject
Global
	GlobalSection(SolutionConfigurationPlatforms) = preSolution
		Debug|Any CPU = Debug|Any CPU
		Release|Any CPU = Release|Any CPU
	EndGlobalSection
	GlobalSection(ProjectConfigurationPlatforms) = postSolution
		{22B4DC1E-E6FF-4FBC-BEDA-AAE9C9051944}.Debug|Any CPU.ActiveCfg = Debug|Any CPU
		{22B4DC1E-E6FF-4FBC-BEDA-AAE9C9051944}.Debug|Any CPU.Build.0 = Debug|Any CPU
		{22B4DC1E-E6FF-4FBC-BEDA-AAE9C9051944}.Release|Any CPU.ActiveCfg = Release|Any CPU
		{22B4DC1E-E6FF-4FBC-BEDA-AAE9C9051944}.Release|Any CPU.Build.0 = Release|Any CPU
		{ED30BCAB-253E-4E7A-9B7A-786235F7BFE7}.Debug|Any CPU.ActiveCfg = Debug|Any CPU
		{ED30BCAB-253E-4E7A-9B7A-786235F7BFE7}.Debug|Any CPU.Build.0 = Debug|Any CPU
		{ED30BCAB-253E-4E7A-9B7A-786235F7BFE7}.Release|Any CPU.ActiveCfg = Release|Any CPU
		{ED30BCAB-253E-4E7A-9B7A-786235F7BFE7}.Release|Any CPU.Build.0 = Release|Any CPU
		{50521D17-6E78-4178-8A80-9519C8B90644}.Debug|Any CPU.ActiveCfg = Debug|Any CPU
		{50521D17-6E78-4178-8A80-9519C8B90644}.Debug|Any CPU.Build.0 = Debug|Any CPU
		{50521D17-6E78-4178-8A80-9519C8B90644}.Release|Any CPU.ActiveCfg = Release|Any CPU
		{50521D17-6E78-4178-8A80-9519C8B90644}.Release|Any CPU.Build.0 = Release|Any CPU
		{85F790D6-5395-4EB5-9171-CA1BBF908D9F}.Debug|Any CPU.ActiveCfg = Debug|Any CPU
		{85F790D6-5395-4EB5-9171-CA1BBF908D9F}.Debug|Any CPU.Build.0 = Debug|Any CPU
		{85F790D6-5395-4EB5-9171-CA1BBF908D9F}.Release|Any CPU.ActiveCfg = Release|Any CPU
		{85F790D6-5395-4EB5-9171-CA1BBF908D9F}.Release|Any CPU.Build.0 = Release|Any CPU
		{B7E3C7CE-0F8B-476D-89DC-B792A2779886}.Debug|Any CPU.ActiveCfg = Debug|Any CPU
		{B7E3C7CE-0F8B-476D-89DC-B792A2779886}.Debug|Any CPU.Build.0 = Debug|Any CPU
		{B7E3C7CE-0F8B-476D-89DC-B792A2779886}.Release|Any CPU.ActiveCfg = Release|Any CPU
		{B7E3C7CE-0F8B-476D-89DC-B792A2779886}.Release|Any CPU.Build.0 = Release|Any CPU
		{427A201C-B04B-4082-8525-2C7867C7E460}.Debug|Any CPU.ActiveCfg = Debug|Any CPU
		{427A201C-B04B-4082-8525-2C7867C7E460}.Debug|Any CPU.Build.0 = Debug|Any CPU
		{427A201C-B04B-4082-8525-2C7867C7E460}.Release|Any CPU.ActiveCfg = Release|Any CPU
		{427A201C-B04B-4082-8525-2C7867C7E460}.Release|Any CPU.Build.0 = Release|Any CPU
		{266727EB-199B-4939-B077-F7776DACBB1A}.Debug|Any CPU.ActiveCfg = Debug|Any CPU
		{266727EB-199B-4939-B077-F7776DACBB1A}.Debug|Any CPU.Build.0 = Debug|Any CPU
		{266727EB-199B-4939-B077-F7776DACBB1A}.Release|Any CPU.ActiveCfg = Release|Any CPU
		{266727EB-199B-4939-B077-F7776DACBB1A}.Release|Any CPU.Build.0 = Release|Any CPU
		{0AF9997E-9419-42DD-BEAD-D6954E20A677}.Debug|Any CPU.ActiveCfg = Debug|Any CPU
		{0AF9997E-9419-42DD-BEAD-D6954E20A677}.Debug|Any CPU.Build.0 = Debug|Any CPU
		{0AF9997E-9419-42DD-BEAD-D6954E20A677}.Release|Any CPU.ActiveCfg = Release|Any CPU
		{0AF9997E-9419-42DD-BEAD-D6954E20A677}.Release|Any CPU.Build.0 = Release|Any CPU
		{7C742AAA-2456-458B-B106-623F3097F16B}.Debug|Any CPU.ActiveCfg = Debug|Any CPU
		{7C742AAA-2456-458B-B106-623F3097F16B}.Debug|Any CPU.Build.0 = Debug|Any CPU
		{7C742AAA-2456-458B-B106-623F3097F16B}.Release|Any CPU.ActiveCfg = Release|Any CPU
		{7C742AAA-2456-458B-B106-623F3097F16B}.Release|Any CPU.Build.0 = Release|Any CPU
	EndGlobalSection
	GlobalSection(SolutionProperties) = preSolution
		HideSolutionNode = FALSE
	EndGlobalSection
	GlobalSection(NestedProjects) = preSolution
		{22B4DC1E-E6FF-4FBC-BEDA-AAE9C9051944} = {010784AE-BFC6-4B33-8D26-1723B2363BA3}
		{ED30BCAB-253E-4E7A-9B7A-786235F7BFE7} = {010784AE-BFC6-4B33-8D26-1723B2363BA3}
		{50521D17-6E78-4178-8A80-9519C8B90644} = {010784AE-BFC6-4B33-8D26-1723B2363BA3}
		{85F790D6-5395-4EB5-9171-CA1BBF908D9F} = {010784AE-BFC6-4B33-8D26-1723B2363BA3}
		{B7E3C7CE-0F8B-476D-89DC-B792A2779886} = {010784AE-BFC6-4B33-8D26-1723B2363BA3}
		{427A201C-B04B-4082-8525-2C7867C7E460} = {010784AE-BFC6-4B33-8D26-1723B2363BA3}
		{266727EB-199B-4939-B077-F7776DACBB1A} = {010784AE-BFC6-4B33-8D26-1723B2363BA3}
		{0AF9997E-9419-42DD-BEAD-D6954E20A677} = {010784AE-BFC6-4B33-8D26-1723B2363BA3}
		{7C742AAA-2456-458B-B106-623F3097F16B} = {010784AE-BFC6-4B33-8D26-1723B2363BA3}
	EndGlobalSection
	GlobalSection(ExtensibilityGlobals) = postSolution
		SolutionGuid = {3A11291C-7E26-4D7B-A83B-B4B9934CB47F}
	EndGlobalSection
EndGlobal
